// !$*UTF8*$!
{
	archiveVersion = 1;
	classes = {
	};
	objectVersion = 48;
	objects = {

/* Begin PBXBuildFile section */
		CD449B3F1FA1EBFB00420E0F /* AppDelegate.swift in Sources */ = {isa = PBXBuildFile; fileRef = CD449B3E1FA1EBFB00420E0F /* AppDelegate.swift */; };
		CD449B411FA1EBFB00420E0F /* ViewController.swift in Sources */ = {isa = PBXBuildFile; fileRef = CD449B401FA1EBFB00420E0F /* ViewController.swift */; };
		CD449B441FA1EBFB00420E0F /* Main.storyboard in Resources */ = {isa = PBXBuildFile; fileRef = CD449B421FA1EBFB00420E0F /* Main.storyboard */; };
		CD449B461FA1EBFB00420E0F /* Assets.xcassets in Resources */ = {isa = PBXBuildFile; fileRef = CD449B451FA1EBFB00420E0F /* Assets.xcassets */; };
		CD449B491FA1EBFB00420E0F /* LaunchScreen.storyboard in Resources */ = {isa = PBXBuildFile; fileRef = CD449B471FA1EBFB00420E0F /* LaunchScreen.storyboard */; };
		CD449B511FA1EC4400420E0F /* LeetCode.swift in Sources */ = {isa = PBXBuildFile; fileRef = CD449B501FA1EC4400420E0F /* LeetCode.swift */; };
		CDAEFF111FA4592200E1AB9C /* TwoSum.swift in Sources */ = {isa = PBXBuildFile; fileRef = CDAEFF101FA4592200E1AB9C /* TwoSum.swift */; };
		CDAEFF131FA45A3000E1AB9C /* LongestSubstringWithoutRepeatingCharacters.swift in Sources */ = {isa = PBXBuildFile; fileRef = CDAEFF121FA45A3000E1AB9C /* LongestSubstringWithoutRepeatingCharacters.swift */; };
/* End PBXBuildFile section */

/* Begin PBXFileReference section */
		CD449B3B1FA1EBFB00420E0F /* LeetCodeTest.app */ = {isa = PBXFileReference; explicitFileType = wrapper.application; includeInIndex = 0; path = LeetCodeTest.app; sourceTree = BUILT_PRODUCTS_DIR; };
		CD449B3E1FA1EBFB00420E0F /* AppDelegate.swift */ = {isa = PBXFileReference; lastKnownFileType = sourcecode.swift; path = AppDelegate.swift; sourceTree = "<group>"; };
		CD449B401FA1EBFB00420E0F /* ViewController.swift */ = {isa = PBXFileReference; lastKnownFileType = sourcecode.swift; path = ViewController.swift; sourceTree = "<group>"; };
		CD449B431FA1EBFB00420E0F /* Base */ = {isa = PBXFileReference; lastKnownFileType = file.storyboard; name = Base; path = Base.lproj/Main.storyboard; sourceTree = "<group>"; };
		CD449B451FA1EBFB00420E0F /* Assets.xcassets */ = {isa = PBXFileReference; lastKnownFileType = folder.assetcatalog; path = Assets.xcassets; sourceTree = "<group>"; };
		CD449B481FA1EBFB00420E0F /* Base */ = {isa = PBXFileReference; lastKnownFileType = file.storyboard; name = Base; path = Base.lproj/LaunchScreen.storyboard; sourceTree = "<group>"; };
		CD449B4A1FA1EBFB00420E0F /* Info.plist */ = {isa = PBXFileReference; lastKnownFileType = text.plist.xml; path = Info.plist; sourceTree = "<group>"; };
		CD449B501FA1EC4400420E0F /* LeetCode.swift */ = {isa = PBXFileReference; lastKnownFileType = sourcecode.swift; path = LeetCode.swift; sourceTree = "<group>"; };
		CDAEFF101FA4592200E1AB9C /* TwoSum.swift */ = {isa = PBXFileReference; lastKnownFileType = sourcecode.swift; path = TwoSum.swift; sourceTree = "<group>"; };
		CDAEFF121FA45A3000E1AB9C /* LongestSubstringWithoutRepeatingCharacters.swift */ = {isa = PBXFileReference; lastKnownFileType = sourcecode.swift; path = LongestSubstringWithoutRepeatingCharacters.swift; sourceTree = "<group>"; };
/* End PBXFileReference section */

/* Begin PBXFrameworksBuildPhase section */
		CD449B381FA1EBFB00420E0F /* Frameworks */ = {
			isa = PBXFrameworksBuildPhase;
			buildActionMask = 2147483647;
			files = (
			);
			runOnlyForDeploymentPostprocessing = 0;
		};
/* End PBXFrameworksBuildPhase section */

/* Begin PBXGroup section */
		CD449B321FA1EBFB00420E0F = {
			isa = PBXGroup;
			children = (
				CD449B3D1FA1EBFB00420E0F /* LeetCodeTest */,
				CD449B3C1FA1EBFB00420E0F /* Products */,
			);
			sourceTree = "<group>";
		};
		CD449B3C1FA1EBFB00420E0F /* Products */ = {
			isa = PBXGroup;
			children = (
				CD449B3B1FA1EBFB00420E0F /* LeetCodeTest.app */,
			);
			name = Products;
			sourceTree = "<group>";
		};
		CD449B3D1FA1EBFB00420E0F /* LeetCodeTest */ = {
			isa = PBXGroup;
			children = (
				CD449B3E1FA1EBFB00420E0F /* AppDelegate.swift */,
				CD449B401FA1EBFB00420E0F /* ViewController.swift */,
				CD449B501FA1EC4400420E0F /* LeetCode.swift */,
				CDAEFF0D1FA4589F00E1AB9C /* LeedCode */,
				CD449B421FA1EBFB00420E0F /* Main.storyboard */,
				CD449B451FA1EBFB00420E0F /* Assets.xcassets */,
				CD449B471FA1EBFB00420E0F /* LaunchScreen.storyboard */,
				CD449B4A1FA1EBFB00420E0F /* Info.plist */,
			);
			path = LeetCodeTest;
			sourceTree = "<group>";
		};
		CDAEFF0D1FA4589F00E1AB9C /* LeedCode */ = {
			isa = PBXGroup;
			children = (
				CDAEFF0F1FA4590600E1AB9C /* string */,
				CDAEFF0E1FA458FD00E1AB9C /* array */,
			);
			path = LeedCode;
			sourceTree = "<group>";
		};
		CDAEFF0E1FA458FD00E1AB9C /* array */ = {
			isa = PBXGroup;
			children = (
				CDAEFF101FA4592200E1AB9C /* TwoSum.swift */,
			);
			path = array;
			sourceTree = "<group>";
		};
		CDAEFF0F1FA4590600E1AB9C /* string */ = {
			isa = PBXGroup;
			children = (
				CDAEFF121FA45A3000E1AB9C /* LongestSubstringWithoutRepeatingCharacters.swift */,
			);
			path = string;
			sourceTree = "<group>";
		};
/* End PBXGroup section */

/* Begin PBXNativeTarget section */
		CD449B3A1FA1EBFB00420E0F /* LeetCodeTest */ = {
			isa = PBXNativeTarget;
			buildConfigurationList = CD449B4D1FA1EBFB00420E0F /* Build configuration list for PBXNativeTarget "LeetCodeTest" */;
			buildPhases = (
				CD449B371FA1EBFB00420E0F /* Sources */,
				CD449B381FA1EBFB00420E0F /* Frameworks */,
				CD449B391FA1EBFB00420E0F /* Resources */,
			);
			buildRules = (
			);
			dependencies = (
			);
			name = LeetCodeTest;
			productName = LeetCodeTest;
			productReference = CD449B3B1FA1EBFB00420E0F /* LeetCodeTest.app */;
			productType = "com.apple.product-type.application";
		};
/* End PBXNativeTarget section */

/* Begin PBXProject section */
		CD449B331FA1EBFB00420E0F /* Project object */ = {
			isa = PBXProject;
			attributes = {
				LastSwiftUpdateCheck = 0900;
				LastUpgradeCheck = 0900;
				ORGANIZATIONNAME = lxj;
				TargetAttributes = {
					CD449B3A1FA1EBFB00420E0F = {
						CreatedOnToolsVersion = 9.0;
						ProvisioningStyle = Automatic;
					};
				};
			};
			buildConfigurationList = CD449B361FA1EBFB00420E0F /* Build configuration list for PBXProject "LeetCodeTest" */;
			compatibilityVersion = "Xcode 8.0";
			developmentRegion = en;
			hasScannedForEncodings = 0;
			knownRegions = (
				en,
				Base,
			);
			mainGroup = CD449B321FA1EBFB00420E0F;
			productRefGroup = CD449B3C1FA1EBFB00420E0F /* Products */;
			projectDirPath = "";
			projectRoot = "";
			targets = (
				CD449B3A1FA1EBFB00420E0F /* LeetCodeTest */,
			);
		};
/* End PBXProject section */

/* Begin PBXResourcesBuildPhase section */
		CD449B391FA1EBFB00420E0F /* Resources */ = {
			isa = PBXResourcesBuildPhase;
			buildActionMask = 2147483647;
			files = (
				CD449B491FA1EBFB00420E0F /* LaunchScreen.storyboard in Resources */,
				CD449B461FA1EBFB00420E0F /* Assets.xcassets in Resources */,
				CD449B441FA1EBFB00420E0F /* Main.storyboard in Resources */,
			);
			runOnlyForDeploymentPostprocessing = 0;
		};
/* End PBXResourcesBuildPhase section */

/* Begin PBXSourcesBuildPhase section */
		CD449B371FA1EBFB00420E0F /* Sources */ = {
			isa = PBXSourcesBuildPhase;
			buildActionMask = 2147483647;
			files = (
				CD449B411FA1EBFB00420E0F /* ViewController.swift in Sources */,
				CD449B3F1FA1EBFB00420E0F /* AppDelegate.swift in Sources */,
				CDAEFF111FA4592200E1AB9C /* TwoSum.swift in Sources */,
				CDAEFF131FA45A3000E1AB9C /* LongestSubstringWithoutRepeatingCharacters.swift in Sources */,
				CD449B511FA1EC4400420E0F /* LeetCode.swift in Sources */,
			);
			runOnlyForDeploymentPostprocessing = 0;
		};
/* End PBXSourcesBuildPhase section */

/* Begin PBXVariantGroup section */
		CD449B421FA1EBFB00420E0F /* Main.storyboard */ = {
			isa = PBXVariantGroup;
			children = (
				CD449B431FA1EBFB00420E0F /* Base */,
			);
			name = Main.storyboard;
			sourceTree = "<group>";
		};
		CD449B471FA1EBFB00420E0F /* LaunchScreen.storyboard */ = {
			isa = PBXVariantGroup;
			children = (
				CD449B481FA1EBFB00420E0F /* Base */,
			);
			name = LaunchScreen.storyboard;
			sourceTree = "<group>";
		};
/* End PBXVariantGroup section */

/* Begin XCBuildConfiguration section */
		CD449B4B1FA1EBFB00420E0F /* Debug */ = {
			isa = XCBuildConfiguration;
			buildSettings = {
				ALWAYS_SEARCH_USER_PATHS = NO;
				CLANG_ANALYZER_NONNULL = YES;
				CLANG_ANALYZER_NUMBER_OBJECT_CONVERSION = YES_AGGRESSIVE;
				CLANG_CXX_LANGUAGE_STANDARD = "gnu++14";
				CLANG_CXX_LIBRARY = "libc++";
				CLANG_ENABLE_MODULES = YES;
				CLANG_ENABLE_OBJC_ARC = YES;
				CLANG_WARN_BLOCK_CAPTURE_AUTORELEASING = YES;
				CLANG_WARN_BOOL_CONVERSION = YES;
				CLANG_WARN_COMMA = YES;
				CLANG_WARN_CONSTANT_CONVERSION = YES;
				CLANG_WARN_DIRECT_OBJC_ISA_USAGE = YES_ERROR;
				CLANG_WARN_DOCUMENTATION_COMMENTS = YES;
				CLANG_WARN_EMPTY_BODY = YES;
				CLANG_WARN_ENUM_CONVERSION = YES;
				CLANG_WARN_INFINITE_RECURSION = YES;
				CLANG_WARN_INT_CONVERSION = YES;
				CLANG_WARN_NON_LITERAL_NULL_CONVERSION = YES;
				CLANG_WARN_OBJC_LITERAL_CONVERSION = YES;
				CLANG_WARN_OBJC_ROOT_CLASS = YES_ERROR;
				CLANG_WARN_RANGE_LOOP_ANALYSIS = YES;
				CLANG_WARN_STRICT_PROTOTYPES = YES;
				CLANG_WARN_SUSPICIOUS_MOVE = YES;
				CLANG_WARN_UNGUARDED_AVAILABILITY = YES_AGGRESSIVE;
				CLANG_WARN_UNREACHABLE_CODE = YES;
				CLANG_WARN__DUPLICATE_METHOD_MATCH = YES;
				CODE_SIGN_IDENTITY = "iPhone Developer";
				COPY_PHASE_STRIP = NO;
				DEBUG_INFORMATION_FORMAT = dwarf;
				ENABLE_STRICT_OBJC_MSGSEND = YES;
				ENABLE_TESTABILITY = YES;
				GCC_C_LANGUAGE_STANDARD = gnu11;
				GCC_DYNAMIC_NO_PIC = NO;
				GCC_NO_COMMON_BLOCKS = YES;
				GCC_OPTIMIZATION_LEVEL = 0;
				GCC_PREPROCESSOR_DEFINITIONS = (
					"DEBUG=1",
					"$(inherited)",
				);
				GCC_WARN_64_TO_32_BIT_CONVERSION = YES;
				GCC_WARN_ABOUT_RETURN_TYPE = YES_ERROR;
				GCC_WARN_UNDECLARED_SELECTOR = YES;
				GCC_WARN_UNINITIALIZED_AUTOS = YES_AGGRESSIVE;
				GCC_WARN_UNUSED_FUNCTION = YES;
				GCC_WARN_UNUSED_VARIABLE = YES;
				IPHONEOS_DEPLOYMENT_TARGET = 11.0;
				MTL_ENABLE_DEBUG_INFO = YES;
				ONLY_ACTIVE_ARCH = YES;
				SDKROOT = iphoneos;
				SWIFT_ACTIVE_COMPILATION_CONDITIONS = DEBUG;
				SWIFT_OPTIMIZATION_LEVEL = "-Onone";
			};
			name = Debug;
		};
		CD449B4C1FA1EBFB00420E0F /* Release */ = {
			isa = XCBuildConfiguration;
			buildSettings = {
				ALWAYS_SEARCH_USER_PATHS = NO;
				CLANG_ANALYZER_NONNULL = YES;
				CLANG_ANALYZER_NUMBER_OBJECT_CONVERSION = YES_AGGRESSIVE;
				CLANG_CXX_LANGUAGE_STANDARD = "gnu++14";
				CLANG_CXX_LIBRARY = "libc++";
				CLANG_ENABLE_MODULES = YES;
				CLANG_ENABLE_OBJC_ARC = YES;
				CLANG_WARN_BLOCK_CAPTURE_AUTORELEASING = YES;
				CLANG_WARN_BOOL_CONVERSION = YES;
				CLANG_WARN_COMMA = YES;
				CLANG_WARN_CONSTANT_CONVERSION = YES;
				CLANG_WARN_DIRECT_OBJC_ISA_USAGE = YES_ERROR;
				CLANG_WARN_DOCUMENTATION_COMMENTS = YES;
				CLANG_WARN_EMPTY_BODY = YES;
				CLANG_WARN_ENUM_CONVERSION = YES;
				CLANG_WARN_INFINITE_RECURSION = YES;
				CLANG_WARN_INT_CONVERSION = YES;
				CLANG_WARN_NON_LITERAL_NULL_CONVERSION = YES;
				CLANG_WARN_OBJC_LITERAL_CONVERSION = YES;
				CLANG_WARN_OBJC_ROOT_CLASS = YES_ERROR;
				CLANG_WARN_RANGE_LOOP_ANALYSIS = YES;
				CLANG_WARN_STRICT_PROTOTYPES = YES;
				CLANG_WARN_SUSPICIOUS_MOVE = YES;
				CLANG_WARN_UNGUARDED_AVAILABILITY = YES_AGGRESSIVE;
				CLANG_WARN_UNREACHABLE_CODE = YES;
				CLANG_WARN__DUPLICATE_METHOD_MATCH = YES;
				CODE_SIGN_IDENTITY = "iPhone Developer";
				COPY_PHASE_STRIP = NO;
				DEBUG_INFORMATION_FORMAT = "dwarf-with-dsym";
				ENABLE_NS_ASSERTIONS = NO;
				ENABLE_STRICT_OBJC_MSGSEND = YES;
				GCC_C_LANGUAGE_STANDARD = gnu11;
				GCC_NO_COMMON_BLOCKS = YES;
				GCC_WARN_64_TO_32_BIT_CONVERSION = YES;
				GCC_WARN_ABOUT_RETURN_TYPE = YES_ERROR;
				GCC_WARN_UNDECLARED_SELECTOR = YES;
				GCC_WARN_UNINITIALIZED_AUTOS = YES_AGGRESSIVE;
				GCC_WARN_UNUSED_FUNCTION = YES;
				GCC_WARN_UNUSED_VARIABLE = YES;
				IPHONEOS_DEPLOYMENT_TARGET = 11.0;
				MTL_ENABLE_DEBUG_INFO = NO;
				SDKROOT = iphoneos;
				SWIFT_OPTIMIZATION_LEVEL = "-Owholemodule";
				VALIDATE_PRODUCT = YES;
			};
			name = Release;
		};
		CD449B4E1FA1EBFB00420E0F /* Debug */ = {
			isa = XCBuildConfiguration;
			buildSettings = {
				ASSETCATALOG_COMPILER_APPICON_NAME = AppIcon;
				CODE_SIGN_STYLE = Automatic;
				DEVELOPMENT_TEAM = YPZKZ3N45C;
				INFOPLIST_FILE = LeetCodeTest/Info.plist;
				IPHONEOS_DEPLOYMENT_TARGET = 8.0;
				LD_RUNPATH_SEARCH_PATHS = "$(inherited) @executable_path/Frameworks";
				PRODUCT_BUNDLE_IDENTIFIER = com.LeetCodeTest;
				PRODUCT_NAME = "$(TARGET_NAME)";
				SWIFT_VERSION = 4.0;
				TARGETED_DEVICE_FAMILY = "1,2";
			};
			name = Debug;
		};
		CD449B4F1FA1EBFB00420E0F /* Release */ = {
			isa = XCBuildConfiguration;
			buildSettings = {
				ASSETCATALOG_COMPILER_APPICON_NAME = AppIcon;
				CODE_SIGN_STYLE = Automatic;
				DEVELOPMENT_TEAM = YPZKZ3N45C;
				INFOPLIST_FILE = LeetCodeTest/Info.plist;
				IPHONEOS_DEPLOYMENT_TARGET = 8.0;
				LD_RUNPATH_SEARCH_PATHS = "$(inherited) @executable_path/Frameworks";
				PRODUCT_BUNDLE_IDENTIFIER = com.LeetCodeTest;
				PRODUCT_NAME = "$(TARGET_NAME)";
				SWIFT_VERSION = 4.0;
				TARGETED_DEVICE_FAMILY = "1,2";
			};
			name = Release;
		};
/* End XCBuildConfiguration section */

/* Begin XCConfigurationList section */
		CD449B361FA1EBFB00420E0F /* Build configuration list for PBXProject "LeetCodeTest" */ = {
			isa = XCConfigurationList;
			buildConfigurations = (
				CD449B4B1FA1EBFB00420E0F /* Debug */,
				CD449B4C1FA1EBFB00420E0F /* Release */,
			);
			defaultConfigurationIsVisible = 0;
			defaultConfigurationName = Release;
		};
		CD449B4D1FA1EBFB00420E0F /* Build configuration list for PBXNativeTarget "LeetCodeTest" */ = {
			isa = XCConfigurationList;
			buildConfigurations = (
				CD449B4E1FA1EBFB00420E0F /* Debug */,
				CD449B4F1FA1EBFB00420E0F /* Release */,
			);
			defaultConfigurationIsVisible = 0;
			defaultConfigurationName = Release;
		};
/* End XCConfigurationList section */
	};
	rootObject = CD449B331FA1EBFB00420E0F /* Project object */;
}
